// !$*UTF8*$!
{
	archiveVersion = 1;
	classes = {
	};
	objectVersion = 56;
	objects = {

/* Begin PBXBuildFile section */
		D77B08002C0E3AA000072C31 /* WeekendRaytracingApp.swift in Sources */ = {isa = PBXBuildFile; fileRef = D77B07FF2C0E3AA000072C31 /* WeekendRaytracingApp.swift */; };
		D77B08022C0E3AA000072C31 /* ContentView.swift in Sources */ = {isa = PBXBuildFile; fileRef = D77B08012C0E3AA000072C31 /* ContentView.swift */; };
		D77B08042C0E3AA100072C31 /* Assets.xcassets in Resources */ = {isa = PBXBuildFile; fileRef = D77B08032C0E3AA100072C31 /* Assets.xcassets */; };
		D77B08082C0E3AA100072C31 /* Preview Assets.xcassets in Resources */ = {isa = PBXBuildFile; fileRef = D77B08072C0E3AA100072C31 /* Preview Assets.xcassets */; };
		D7CDFEE92C0F6E8100C265E0 /* compute.swift in Sources */ = {isa = PBXBuildFile; fileRef = D7CDFEE82C0F6E8100C265E0 /* compute.swift */; };
		D7CDFEEB2C0FAC2700C265E0 /* Scene.swift in Sources */ = {isa = PBXBuildFile; fileRef = D7CDFEEA2C0FAC2700C265E0 /* Scene.swift */; };
		D7CDFEED2C0FB0AA00C265E0 /* PCG.swift in Sources */ = {isa = PBXBuildFile; fileRef = D7CDFEEC2C0FB0AA00C265E0 /* PCG.swift */; };
		D7CDFEEF2C0FBE0E00C265E0 /* Math.swift in Sources */ = {isa = PBXBuildFile; fileRef = D7CDFEEE2C0FBE0E00C265E0 /* Math.swift */; };
/* End PBXBuildFile section */

/* Begin PBXFileReference section */
		D77B07FC2C0E3AA000072C31 /* WeekendRaytracing.app */ = {isa = PBXFileReference; explicitFileType = wrapper.application; includeInIndex = 0; path = WeekendRaytracing.app; sourceTree = BUILT_PRODUCTS_DIR; };
		D77B07FF2C0E3AA000072C31 /* WeekendRaytracingApp.swift */ = {isa = PBXFileReference; lastKnownFileType = sourcecode.swift; path = WeekendRaytracingApp.swift; sourceTree = "<group>"; };
		D77B08012C0E3AA000072C31 /* ContentView.swift */ = {isa = PBXFileReference; lastKnownFileType = sourcecode.swift; path = ContentView.swift; sourceTree = "<group>"; };
		D77B08032C0E3AA100072C31 /* Assets.xcassets */ = {isa = PBXFileReference; lastKnownFileType = folder.assetcatalog; path = Assets.xcassets; sourceTree = "<group>"; };
		D77B08052C0E3AA100072C31 /* WeekendRaytracing.entitlements */ = {isa = PBXFileReference; lastKnownFileType = text.plist.entitlements; path = WeekendRaytracing.entitlements; sourceTree = "<group>"; };
		D77B08072C0E3AA100072C31 /* Preview Assets.xcassets */ = {isa = PBXFileReference; lastKnownFileType = folder.assetcatalog; path = "Preview Assets.xcassets"; sourceTree = "<group>"; };
		D7CDFEE82C0F6E8100C265E0 /* compute.swift */ = {isa = PBXFileReference; lastKnownFileType = sourcecode.swift; path = compute.swift; sourceTree = "<group>"; };
		D7CDFEEA2C0FAC2700C265E0 /* Scene.swift */ = {isa = PBXFileReference; lastKnownFileType = sourcecode.swift; path = Scene.swift; sourceTree = "<group>"; };
		D7CDFEEC2C0FB0AA00C265E0 /* PCG.swift */ = {isa = PBXFileReference; lastKnownFileType = sourcecode.swift; path = PCG.swift; sourceTree = "<group>"; };
		D7CDFEEE2C0FBE0E00C265E0 /* Math.swift */ = {isa = PBXFileReference; lastKnownFileType = sourcecode.swift; path = Math.swift; sourceTree = "<group>"; };
/* End PBXFileReference section */

/* Begin PBXFrameworksBuildPhase section */
		D77B07F92C0E3AA000072C31 /* Frameworks */ = {
			isa = PBXFrameworksBuildPhase;
			buildActionMask = 2147483647;
			files = (
			);
			runOnlyForDeploymentPostprocessing = 0;
		};
/* End PBXFrameworksBuildPhase section */

/* Begin PBXGroup section */
		D77B07F32C0E3A9F00072C31 = {
			isa = PBXGroup;
			children = (
				D77B07FE2C0E3AA000072C31 /* WeekendRaytracing */,
				D77B07FD2C0E3AA000072C31 /* Products */,
			);
			sourceTree = "<group>";
		};
		D77B07FD2C0E3AA000072C31 /* Products */ = {
			isa = PBXGroup;
			children = (
				D77B07FC2C0E3AA000072C31 /* WeekendRaytracing.app */,
			);
			name = Products;
			sourceTree = "<group>";
		};
		D77B07FE2C0E3AA000072C31 /* WeekendRaytracing */ = {
			isa = PBXGroup;
			children = (
				D77B07FF2C0E3AA000072C31 /* WeekendRaytracingApp.swift */,
				D77B08012C0E3AA000072C31 /* ContentView.swift */,
				D7CDFEE82C0F6E8100C265E0 /* compute.swift */,
				D7CDFEEA2C0FAC2700C265E0 /* Scene.swift */,
				D7CDFEEC2C0FB0AA00C265E0 /* PCG.swift */,
				D7CDFEEE2C0FBE0E00C265E0 /* Math.swift */,
				D77B08032C0E3AA100072C31 /* Assets.xcassets */,
				D77B08052C0E3AA100072C31 /* WeekendRaytracing.entitlements */,
				D77B08062C0E3AA100072C31 /* Preview Content */,
			);
			path = WeekendRaytracing;
			sourceTree = "<group>";
		};
		D77B08062C0E3AA100072C31 /* Preview Content */ = {
			isa = PBXGroup;
			children = (
				D77B08072C0E3AA100072C31 /* Preview Assets.xcassets */,
			);
			path = "Preview Content";
			sourceTree = "<group>";
		};
/* End PBXGroup section */

/* Begin PBXNativeTarget section */
		D77B07FB2C0E3AA000072C31 /* WeekendRaytracing */ = {
			isa = PBXNativeTarget;
			buildConfigurationList = D77B080B2C0E3AA100072C31 /* Build configuration list for PBXNativeTarget "WeekendRaytracing" */;
			buildPhases = (
				D77B07F82C0E3AA000072C31 /* Sources */,
				D77B07F92C0E3AA000072C31 /* Frameworks */,
				D77B07FA2C0E3AA000072C31 /* Resources */,
			);
			buildRules = (
			);
			dependencies = (
			);
			name = WeekendRaytracing;
			productName = WeekendRaytracing;
			productReference = D77B07FC2C0E3AA000072C31 /* WeekendRaytracing.app */;
			productType = "com.apple.product-type.application";
		};
/* End PBXNativeTarget section */

/* Begin PBXProject section */
		D77B07F42C0E3A9F00072C31 /* Project object */ = {
			isa = PBXProject;
			attributes = {
				BuildIndependentTargetsInParallel = 1;
				LastSwiftUpdateCheck = 1540;
				LastUpgradeCheck = 1540;
				TargetAttributes = {
					D77B07FB2C0E3AA000072C31 = {
						CreatedOnToolsVersion = 15.4;
					};
				};
			};
			buildConfigurationList = D77B07F72C0E3A9F00072C31 /* Build configuration list for PBXProject "WeekendRaytracing" */;
			compatibilityVersion = "Xcode 14.0";
			developmentRegion = en;
			hasScannedForEncodings = 0;
			knownRegions = (
				en,
				Base,
			);
			mainGroup = D77B07F32C0E3A9F00072C31;
			productRefGroup = D77B07FD2C0E3AA000072C31 /* Products */;
			projectDirPath = "";
			projectRoot = "";
			targets = (
				D77B07FB2C0E3AA000072C31 /* WeekendRaytracing */,
			);
		};
/* End PBXProject section */

/* Begin PBXResourcesBuildPhase section */
		D77B07FA2C0E3AA000072C31 /* Resources */ = {
			isa = PBXResourcesBuildPhase;
			buildActionMask = 2147483647;
			files = (
				D77B08082C0E3AA100072C31 /* Preview Assets.xcassets in Resources */,
				D77B08042C0E3AA100072C31 /* Assets.xcassets in Resources */,
			);
			runOnlyForDeploymentPostprocessing = 0;
		};
/* End PBXResourcesBuildPhase section */

/* Begin PBXSourcesBuildPhase section */
		D77B07F82C0E3AA000072C31 /* Sources */ = {
			isa = PBXSourcesBuildPhase;
			buildActionMask = 2147483647;
			files = (
				D7CDFEED2C0FB0AA00C265E0 /* PCG.swift in Sources */,
				D7CDFEEB2C0FAC2700C265E0 /* Scene.swift in Sources */,
				D7CDFEE92C0F6E8100C265E0 /* compute.swift in Sources */,
				D77B08022C0E3AA000072C31 /* ContentView.swift in Sources */,
				D77B08002C0E3AA000072C31 /* WeekendRaytracingApp.swift in Sources */,
				D7CDFEEF2C0FBE0E00C265E0 /* Math.swift in Sources */,
			);
			runOnlyForDeploymentPostprocessing = 0;
		};
/* End PBXSourcesBuildPhase section */

/* Begin XCBuildConfiguration section */
		D77B08092C0E3AA100072C31 /* Debug */ = {
			isa = XCBuildConfiguration;
			buildSettings = {
				ALWAYS_SEARCH_USER_PATHS = NO;
				ASSETCATALOG_COMPILER_GENERATE_SWIFT_ASSET_SYMBOL_EXTENSIONS = YES;
				CLANG_ANALYZER_NONNULL = YES;
				CLANG_ANALYZER_NUMBER_OBJECT_CONVERSION = YES_AGGRESSIVE;
				CLANG_CXX_LANGUAGE_STANDARD = "gnu++20";
				CLANG_ENABLE_MODULES = YES;
				CLANG_ENABLE_OBJC_ARC = YES;
				CLANG_ENABLE_OBJC_WEAK = YES;
				CLANG_WARN_BLOCK_CAPTURE_AUTORELEASING = YES;
				CLANG_WARN_BOOL_CONVERSION = YES;
				CLANG_WARN_COMMA = YES;
				CLANG_WARN_CONSTANT_CONVERSION = YES;
				CLANG_WARN_DEPRECATED_OBJC_IMPLEMENTATIONS = YES;
				CLANG_WARN_DIRECT_OBJC_ISA_USAGE = YES_ERROR;
				CLANG_WARN_DOCUMENTATION_COMMENTS = YES;
				CLANG_WARN_EMPTY_BODY = YES;
				CLANG_WARN_ENUM_CONVERSION = YES;
				CLANG_WARN_INFINITE_RECURSION = YES;
				CLANG_WARN_INT_CONVERSION = YES;
				CLANG_WARN_NON_LITERAL_NULL_CONVERSION = YES;
				CLANG_WARN_OBJC_IMPLICIT_RETAIN_SELF = YES;
				CLANG_WARN_OBJC_LITERAL_CONVERSION = YES;
				CLANG_WARN_OBJC_ROOT_CLASS = YES_ERROR;
				CLANG_WARN_QUOTED_INCLUDE_IN_FRAMEWORK_HEADER = YES;
				CLANG_WARN_RANGE_LOOP_ANALYSIS = YES;
				CLANG_WARN_STRICT_PROTOTYPES = YES;
				CLANG_WARN_SUSPICIOUS_MOVE = YES;
				CLANG_WARN_UNGUARDED_AVAILABILITY = YES_AGGRESSIVE;
				CLANG_WARN_UNREACHABLE_CODE = YES;
				CLANG_WARN__DUPLICATE_METHOD_MATCH = YES;
				COPY_PHASE_STRIP = NO;
				DEBUG_INFORMATION_FORMAT = dwarf;
				ENABLE_STRICT_OBJC_MSGSEND = YES;
				ENABLE_TESTABILITY = YES;
				ENABLE_USER_SCRIPT_SANDBOXING = YES;
				GCC_C_LANGUAGE_STANDARD = gnu17;
				GCC_DYNAMIC_NO_PIC = NO;
				GCC_NO_COMMON_BLOCKS = YES;
				GCC_OPTIMIZATION_LEVEL = 0;
				GCC_PREPROCESSOR_DEFINITIONS = (
					"DEBUG=1",
					"$(inherited)",
				);
				GCC_WARN_64_TO_32_BIT_CONVERSION = YES;
				GCC_WARN_ABOUT_RETURN_TYPE = YES_ERROR;
				GCC_WARN_UNDECLARED_SELECTOR = YES;
				GCC_WARN_UNINITIALIZED_AUTOS = YES_AGGRESSIVE;
				GCC_WARN_UNUSED_FUNCTION = YES;
				GCC_WARN_UNUSED_VARIABLE = YES;
				LOCALIZATION_PREFERS_STRING_CATALOGS = YES;
				MTL_ENABLE_DEBUG_INFO = INCLUDE_SOURCE;
				MTL_FAST_MATH = YES;
				ONLY_ACTIVE_ARCH = YES;
				SWIFT_ACTIVE_COMPILATION_CONDITIONS = "DEBUG $(inherited)";
				SWIFT_OPTIMIZATION_LEVEL = "-Onone";
			};
			name = Debug;
		};
		D77B080A2C0E3AA100072C31 /* Release */ = {
			isa = XCBuildConfiguration;
			buildSettings = {
				ALWAYS_SEARCH_USER_PATHS = NO;
				ASSETCATALOG_COMPILER_GENERATE_SWIFT_ASSET_SYMBOL_EXTENSIONS = YES;
				CLANG_ANALYZER_NONNULL = YES;
				CLANG_ANALYZER_NUMBER_OBJECT_CONVERSION = YES_AGGRESSIVE;
				CLANG_CXX_LANGUAGE_STANDARD = "gnu++20";
				CLANG_ENABLE_MODULES = YES;
				CLANG_ENABLE_OBJC_ARC = YES;
				CLANG_ENABLE_OBJC_WEAK = YES;
				CLANG_WARN_BLOCK_CAPTURE_AUTORELEASING = YES;
				CLANG_WARN_BOOL_CONVERSION = YES;
				CLANG_WARN_COMMA = YES;
				CLANG_WARN_CONSTANT_CONVERSION = YES;
				CLANG_WARN_DEPRECATED_OBJC_IMPLEMENTATIONS = YES;
				CLANG_WARN_DIRECT_OBJC_ISA_USAGE = YES_ERROR;
				CLANG_WARN_DOCUMENTATION_COMMENTS = YES;
				CLANG_WARN_EMPTY_BODY = YES;
				CLANG_WARN_ENUM_CONVERSION = YES;
				CLANG_WARN_INFINITE_RECURSION = YES;
				CLANG_WARN_INT_CONVERSION = YES;
				CLANG_WARN_NON_LITERAL_NULL_CONVERSION = YES;
				CLANG_WARN_OBJC_IMPLICIT_RETAIN_SELF = YES;
				CLANG_WARN_OBJC_LITERAL_CONVERSION = YES;
				CLANG_WARN_OBJC_ROOT_CLASS = YES_ERROR;
				CLANG_WARN_QUOTED_INCLUDE_IN_FRAMEWORK_HEADER = YES;
				CLANG_WARN_RANGE_LOOP_ANALYSIS = YES;
				CLANG_WARN_STRICT_PROTOTYPES = YES;
				CLANG_WARN_SUSPICIOUS_MOVE = YES;
				CLANG_WARN_UNGUARDED_AVAILABILITY = YES_AGGRESSIVE;
				CLANG_WARN_UNREACHABLE_CODE = YES;
				CLANG_WARN__DUPLICATE_METHOD_MATCH = YES;
				COPY_PHASE_STRIP = NO;
				DEBUG_INFORMATION_FORMAT = "dwarf-with-dsym";
				ENABLE_NS_ASSERTIONS = NO;
				ENABLE_STRICT_OBJC_MSGSEND = YES;
				ENABLE_USER_SCRIPT_SANDBOXING = YES;
				GCC_C_LANGUAGE_STANDARD = gnu17;
				GCC_NO_COMMON_BLOCKS = YES;
				GCC_WARN_64_TO_32_BIT_CONVERSION = YES;
				GCC_WARN_ABOUT_RETURN_TYPE = YES_ERROR;
				GCC_WARN_UNDECLARED_SELECTOR = YES;
				GCC_WARN_UNINITIALIZED_AUTOS = YES_AGGRESSIVE;
				GCC_WARN_UNUSED_FUNCTION = YES;
				GCC_WARN_UNUSED_VARIABLE = YES;
				LOCALIZATION_PREFERS_STRING_CATALOGS = YES;
				MTL_ENABLE_DEBUG_INFO = NO;
				MTL_FAST_MATH = YES;
				SWIFT_COMPILATION_MODE = wholemodule;
			};
			name = Release;
		};
		D77B080C2C0E3AA100072C31 /* Debug */ = {
			isa = XCBuildConfiguration;
			buildSettings = {
				ASSETCATALOG_COMPILER_APPICON_NAME = AppIcon;
				ASSETCATALOG_COMPILER_GLOBAL_ACCENT_COLOR_NAME = AccentColor;
				CODE_SIGN_ENTITLEMENTS = WeekendRaytracing/WeekendRaytracing.entitlements;
				CODE_SIGN_STYLE = Automatic;
				CURRENT_PROJECT_VERSION = 1;
				DEVELOPMENT_ASSET_PATHS = "\"WeekendRaytracing/Preview Content\"";
				DEVELOPMENT_TEAM = SYA75M63MP;
				ENABLE_HARDENED_RUNTIME = YES;
				ENABLE_PREVIEWS = YES;
				GENERATE_INFOPLIST_FILE = YES;
				"INFOPLIST_KEY_UIApplicationSceneManifest_Generation[sdk=iphoneos*]" = YES;
				"INFOPLIST_KEY_UIApplicationSceneManifest_Generation[sdk=iphonesimulator*]" = YES;
				"INFOPLIST_KEY_UIApplicationSupportsIndirectInputEvents[sdk=iphoneos*]" = YES;
				"INFOPLIST_KEY_UIApplicationSupportsIndirectInputEvents[sdk=iphonesimulator*]" = YES;
				"INFOPLIST_KEY_UILaunchScreen_Generation[sdk=iphoneos*]" = YES;
				"INFOPLIST_KEY_UILaunchScreen_Generation[sdk=iphonesimulator*]" = YES;
				"INFOPLIST_KEY_UIStatusBarStyle[sdk=iphoneos*]" = UIStatusBarStyleDefault;
				"INFOPLIST_KEY_UIStatusBarStyle[sdk=iphonesimulator*]" = UIStatusBarStyleDefault;
				INFOPLIST_KEY_UISupportedInterfaceOrientations_iPad = "UIInterfaceOrientationPortrait UIInterfaceOrientationPortraitUpsideDown UIInterfaceOrientationLandscapeLeft UIInterfaceOrientationLandscapeRight";
				INFOPLIST_KEY_UISupportedInterfaceOrientations_iPhone = "UIInterfaceOrientationPortrait UIInterfaceOrientationLandscapeLeft UIInterfaceOrientationLandscapeRight";
				IPHONEOS_DEPLOYMENT_TARGET = 17.5;
				LD_RUNPATH_SEARCH_PATHS = "@executable_path/Frameworks";
				"LD_RUNPATH_SEARCH_PATHS[sdk=macosx*]" = "@executable_path/../Frameworks";
				MACOSX_DEPLOYMENT_TARGET = 14.2;
				MARKETING_VERSION = 1.0;
				PRODUCT_BUNDLE_IDENTIFIER = eonil.WeekendRaytracing;
				PRODUCT_NAME = "$(TARGET_NAME)";
				SDKROOT = auto;
				SUPPORTED_PLATFORMS = "iphoneos iphonesimulator macosx";
				SWIFT_EMIT_LOC_STRINGS = YES;
				SWIFT_VERSION = 5.0;
				TARGETED_DEVICE_FAMILY = "1,2";
			};
			name = Debug;
		};
		D77B080D2C0E3AA100072C31 /* Release */ = {
			isa = XCBuildConfiguration;
			buildSettings = {
				ASSETCATALOG_COMPILER_APPICON_NAME = AppIcon;
				ASSETCATALOG_COMPILER_GLOBAL_ACCENT_COLOR_NAME = AccentColor;
				CODE_SIGN_ENTITLEMENTS = WeekendRaytracing/WeekendRaytracing.entitlements;
				CODE_SIGN_STYLE = Automatic;
				CURRENT_PROJECT_VERSION = 1;
				DEVELOPMENT_ASSET_PATHS = "\"WeekendRaytracing/Preview Content\"";
				DEVELOPMENT_TEAM = SYA75M63MP;
				ENABLE_HARDENED_RUNTIME = YES;
				ENABLE_PREVIEWS = YES;
				GENERATE_INFOPLIST_FILE = YES;
				"INFOPLIST_KEY_UIApplicationSceneManifest_Generation[sdk=iphoneos*]" = YES;
				"INFOPLIST_KEY_UIApplicationSceneManifest_Generation[sdk=iphonesimulator*]" = YES;
				"INFOPLIST_KEY_UIApplicationSupportsIndirectInputEvents[sdk=iphoneos*]" = YES;
				"INFOPLIST_KEY_UIApplicationSupportsIndirectInputEvents[sdk=iphonesimulator*]" = YES;
				"INFOPLIST_KEY_UILaunchScreen_Generation[sdk=iphoneos*]" = YES;
				"INFOPLIST_KEY_UILaunchScreen_Generation[sdk=iphonesimulator*]" = YES;
				"INFOPLIST_KEY_UIStatusBarStyle[sdk=iphoneos*]" = UIStatusBarStyleDefault;
				"INFOPLIST_KEY_UIStatusBarStyle[sdk=iphonesimulator*]" = UIStatusBarStyleDefault;
				INFOPLIST_KEY_UISupportedInterfaceOrientations_iPad = "UIInterfaceOrientationPortrait UIInterfaceOrientationPortraitUpsideDown UIInterfaceOrientationLandscapeLeft UIInterfaceOrientationLandscapeRight";
				INFOPLIST_KEY_UISupportedInterfaceOrientations_iPhone = "UIInterfaceOrientationPortrait UIInterfaceOrientationLandscapeLeft UIInterfaceOrientationLandscapeRight";
				IPHONEOS_DEPLOYMENT_TARGET = 17.5;
				LD_RUNPATH_SEARCH_PATHS = "@executable_path/Frameworks";
				"LD_RUNPATH_SEARCH_PATHS[sdk=macosx*]" = "@executable_path/../Frameworks";
				LLVM_LTO = YES;
				MACOSX_DEPLOYMENT_TARGET = 14.2;
				MARKETING_VERSION = 1.0;
				PRODUCT_BUNDLE_IDENTIFIER = eonil.WeekendRaytracing;
				PRODUCT_NAME = "$(TARGET_NAME)";
				SDKROOT = auto;
				SUPPORTED_PLATFORMS = "iphoneos iphonesimulator macosx";
				SWIFT_EMIT_LOC_STRINGS = YES;
				SWIFT_VERSION = 5.0;
				TARGETED_DEVICE_FAMILY = "1,2";
			};
			name = Release;
		};
/* End XCBuildConfiguration section */

/* Begin XCConfigurationList section */
		D77B07F72C0E3A9F00072C31 /* Build configuration list for PBXProject "WeekendRaytracing" */ = {
			isa = XCConfigurationList;
			buildConfigurations = (
				D77B08092C0E3AA100072C31 /* Debug */,
				D77B080A2C0E3AA100072C31 /* Release */,
			);
			defaultConfigurationIsVisible = 0;
			defaultConfigurationName = Release;
		};
		D77B080B2C0E3AA100072C31 /* Build configuration list for PBXNativeTarget "WeekendRaytracing" */ = {
			isa = XCConfigurationList;
			buildConfigurations = (
				D77B080C2C0E3AA100072C31 /* Debug */,
				D77B080D2C0E3AA100072C31 /* Release */,
			);
			defaultConfigurationIsVisible = 0;
			defaultConfigurationName = Release;
		};
/* End XCConfigurationList section */
	};
	rootObject = D77B07F42C0E3A9F00072C31 /* Project object */;
}
